
Microsoft Visual Studio Solution File, Format Version 12.00
# Visual Studio Version 17
VisualStudioVersion = 17.0.31903.59
MinimumVisualStudioVersion = 10.0.40219.1
Project("{2150E333-8FDC-42A3-9474-1A3956D46DE8}") = "src", "src", "{B4F1F714-E52B-45F0-8E49-0A9660B8A4BF}"
EndProject
Project("{FAE04EC0-301F-11D3-BF4B-00C04F79EFBC}") = "RuculaIUp.WebApi", "src\RuculaUp.WebApi\RuculaIUp.WebApi.csproj", "{F9A8D039-4A88-4F2C-8FA2-658F064C00FF}"
EndProject
Project("{FAE04EC0-301F-11D3-BF4B-00C04F79EFBC}") = "RuculaUp.Application", "src\RuculaUp.Application\RuculaUp.Application.csproj", "{005D436A-1697-4D5C-B7E7-0561B8C5C5CB}"
EndProject
Project("{FAE04EC0-301F-11D3-BF4B-00C04F79EFBC}") = "RuculaUp.EntityFramework", "src\RuculaUp.EntityFramework\RuculaUp.EntityFramework.csproj", "{AC28DBE9-1A05-48FD-BE6F-E70C63A1360E}"
EndProject
Project("{FAE04EC0-301F-11D3-BF4B-00C04F79EFBC}") = "RuculaUp.Domain", "src\RuculaUp.Domain\RuculaUp.Domain.csproj", "{735C2B0C-5A87-414A-9370-574C7103CBD2}"
EndProject
Global
	GlobalSection(SolutionConfigurationPlatforms) = preSolution
		Debug|Any CPU = Debug|Any CPU
		Release|Any CPU = Release|Any CPU
	EndGlobalSection
	GlobalSection(ProjectConfigurationPlatforms) = postSolution
		{F9A8D039-4A88-4F2C-8FA2-658F064C00FF}.Debug|Any CPU.ActiveCfg = Debug|Any CPU
		{F9A8D039-4A88-4F2C-8FA2-658F064C00FF}.Debug|Any CPU.Build.0 = Debug|Any CPU
		{F9A8D039-4A88-4F2C-8FA2-658F064C00FF}.Release|Any CPU.ActiveCfg = Release|Any CPU
		{F9A8D039-4A88-4F2C-8FA2-658F064C00FF}.Release|Any CPU.Build.0 = Release|Any CPU
		{005D436A-1697-4D5C-B7E7-0561B8C5C5CB}.Debug|Any CPU.ActiveCfg = Debug|Any CPU
		{005D436A-1697-4D5C-B7E7-0561B8C5C5CB}.Debug|Any CPU.Build.0 = Debug|Any CPU
		{005D436A-1697-4D5C-B7E7-0561B8C5C5CB}.Release|Any CPU.ActiveCfg = Release|Any CPU
		{005D436A-1697-4D5C-B7E7-0561B8C5C5CB}.Release|Any CPU.Build.0 = Release|Any CPU
		{AC28DBE9-1A05-48FD-BE6F-E70C63A1360E}.Debug|Any CPU.ActiveCfg = Debug|Any CPU
		{AC28DBE9-1A05-48FD-BE6F-E70C63A1360E}.Debug|Any CPU.Build.0 = Debug|Any CPU
		{AC28DBE9-1A05-48FD-BE6F-E70C63A1360E}.Release|Any CPU.ActiveCfg = Release|Any CPU
		{AC28DBE9-1A05-48FD-BE6F-E70C63A1360E}.Release|Any CPU.Build.0 = Release|Any CPU
		{735C2B0C-5A87-414A-9370-574C7103CBD2}.Debug|Any CPU.ActiveCfg = Debug|Any CPU
		{735C2B0C-5A87-414A-9370-574C7103CBD2}.Debug|Any CPU.Build.0 = Debug|Any CPU
		{735C2B0C-5A87-414A-9370-574C7103CBD2}.Release|Any CPU.ActiveCfg = Release|Any CPU
		{735C2B0C-5A87-414A-9370-574C7103CBD2}.Release|Any CPU.Build.0 = Release|Any CPU
	EndGlobalSection
	GlobalSection(SolutionProperties) = preSolution
		HideSolutionNode = FALSE
	EndGlobalSection
	GlobalSection(NestedProjects) = preSolution
		{F9A8D039-4A88-4F2C-8FA2-658F064C00FF} = {B4F1F714-E52B-45F0-8E49-0A9660B8A4BF}
		{005D436A-1697-4D5C-B7E7-0561B8C5C5CB} = {B4F1F714-E52B-45F0-8E49-0A9660B8A4BF}
		{AC28DBE9-1A05-48FD-BE6F-E70C63A1360E} = {B4F1F714-E52B-45F0-8E49-0A9660B8A4BF}
		{735C2B0C-5A87-414A-9370-574C7103CBD2} = {B4F1F714-E52B-45F0-8E49-0A9660B8A4BF}
	EndGlobalSection
EndGlobal
